
Microsoft Visual Studio Solution File, Format Version 12.00
Project("{FAE04EC0-301F-11D3-BF4B-00C04F79EFBC}") = "OneApp_minimalApi", "OneApp_minimalApi.csproj", "{4191E2CE-A5EB-4102-B329-DA7466EDF1EA}"
EndProject
Global
	GlobalSection(SolutionConfigurationPlatforms) = preSolution
		Debug|Any CPU = Debug|Any CPU
		Release|Any CPU = Release|Any CPU
	EndGlobalSection
	GlobalSection(ProjectConfigurationPlatforms) = postSolution
		{4191E2CE-A5EB-4102-B329-DA7466EDF1EA}.Debug|Any CPU.ActiveCfg = Debug|Any CPU
		{4191E2CE-A5EB-4102-B329-DA7466EDF1EA}.Debug|Any CPU.Build.0 = Debug|Any CPU
		{4191E2CE-A5EB-4102-B329-DA7466EDF1EA}.Release|Any CPU.ActiveCfg = Release|Any CPU
		{4191E2CE-A5EB-4102-B329-DA7466EDF1EA}.Release|Any CPU.Build.0 = Release|Any CPU
	EndGlobalSection
EndGlobal
